
Microsoft Visual Studio Solution File, Format Version 12.00
# Visual Studio 15
VisualStudioVersion = 15.0.26730.16
MinimumVisualStudioVersion = 10.0.40219.1
Project("{FAE04EC0-301F-11D3-BF4B-00C04F79EFBC}") = "Kronometer", "src\Kronometer.csproj", "{39BDAFFA-A6EF-4FDE-A152-C915BBD7D4E2}"
EndProject
Global
	GlobalSection(SolutionConfigurationPlatforms) = preSolution
		Debug|Any CPU = Debug|Any CPU
		Release|Any CPU = Release|Any CPU
	EndGlobalSection
	GlobalSection(ProjectConfigurationPlatforms) = postSolution
		{39BDAFFA-A6EF-4FDE-A152-C915BBD7D4E2}.Debug|Any CPU.ActiveCfg = Debug|Any CPU
		{39BDAFFA-A6EF-4FDE-A152-C915BBD7D4E2}.Debug|Any CPU.Build.0 = Debug|Any CPU
		{39BDAFFA-A6EF-4FDE-A152-C915BBD7D4E2}.Release|Any CPU.ActiveCfg = Release|Any CPU
		{39BDAFFA-A6EF-4FDE-A152-C915BBD7D4E2}.Release|Any CPU.Build.0 = Release|Any CPU
	EndGlobalSection
	GlobalSection(SolutionProperties) = preSolution
		HideSolutionNode = FALSE
	EndGlobalSection
	GlobalSection(ExtensibilityGlobals) = postSolution
		SolutionGuid = {73949F66-E9C1-4DCC-8F6B-E76267E40061}
	EndGlobalSection
EndGlobal
